
Microsoft Visual Studio Solution File, Format Version 12.00
# Visual Studio 2012
Project("{FAE04EC0-301F-11D3-BF4B-00C04F79EFBC}") = "QuickBootConsoleForMac", "QuickBootConsoleForMac\QuickBootConsoleForMac.csproj", "{19ABB5E7-6B65-4BDE-ACA2-EE39F64AF7E1}"
EndProject
Global
	GlobalSection(SolutionConfigurationPlatforms) = preSolution
		Debug|Any CPU = Debug|Any CPU
		Release|Any CPU = Release|Any CPU
	EndGlobalSection
	GlobalSection(ProjectConfigurationPlatforms) = postSolution
		{19ABB5E7-6B65-4BDE-ACA2-EE39F64AF7E1}.Debug|Any CPU.ActiveCfg = Debug|Any CPU
		{19ABB5E7-6B65-4BDE-ACA2-EE39F64AF7E1}.Debug|Any CPU.Build.0 = Debug|Any CPU
		{19ABB5E7-6B65-4BDE-ACA2-EE39F64AF7E1}.Release|Any CPU.ActiveCfg = Release|Any CPU
		{19ABB5E7-6B65-4BDE-ACA2-EE39F64AF7E1}.Release|Any CPU.Build.0 = Release|Any CPU
	EndGlobalSection
EndGlobal
